
Microsoft Visual Studio Solution File, Format Version 12.00
# Visual Studio Version 16
VisualStudioVersion = 16.0.29613.14
MinimumVisualStudioVersion = 10.0.40219.1
Project("{FAE04EC0-301F-11D3-BF4B-00C04F79EFBC}") = "ProjectEuler.Problems", "ProjectEuler.Problems\ProjectEuler.Problems.csproj", "{8E5EA4B8-89CA-4191-B44A-136E08970942}"
EndProject
Project("{FAE04EC0-301F-11D3-BF4B-00C04F79EFBC}") = "ProjectEuler.Problems.Tests", "ProjectEuler.Problems.Tests\ProjectEuler.Problems.Tests.csproj", "{C7201A9F-6B55-4CF7-892E-5C75E6DEFD89}"
EndProject
Global
	GlobalSection(SolutionConfigurationPlatforms) = preSolution
		Debug|Any CPU = Debug|Any CPU
		Release|Any CPU = Release|Any CPU
	EndGlobalSection
	GlobalSection(ProjectConfigurationPlatforms) = postSolution
		{8E5EA4B8-89CA-4191-B44A-136E08970942}.Debug|Any CPU.ActiveCfg = Debug|Any CPU
		{8E5EA4B8-89CA-4191-B44A-136E08970942}.Debug|Any CPU.Build.0 = Debug|Any CPU
		{8E5EA4B8-89CA-4191-B44A-136E08970942}.Release|Any CPU.ActiveCfg = Release|Any CPU
		{8E5EA4B8-89CA-4191-B44A-136E08970942}.Release|Any CPU.Build.0 = Release|Any CPU
		{C7201A9F-6B55-4CF7-892E-5C75E6DEFD89}.Debug|Any CPU.ActiveCfg = Debug|Any CPU
		{C7201A9F-6B55-4CF7-892E-5C75E6DEFD89}.Debug|Any CPU.Build.0 = Debug|Any CPU
		{C7201A9F-6B55-4CF7-892E-5C75E6DEFD89}.Release|Any CPU.ActiveCfg = Release|Any CPU
		{C7201A9F-6B55-4CF7-892E-5C75E6DEFD89}.Release|Any CPU.Build.0 = Release|Any CPU
	EndGlobalSection
	GlobalSection(SolutionProperties) = preSolution
		HideSolutionNode = FALSE
	EndGlobalSection
	GlobalSection(ExtensibilityGlobals) = postSolution
		SolutionGuid = {71CC24DC-F86E-467D-BFEA-7261B5C5197C}
	EndGlobalSection
EndGlobal
